// !$*UTF8*$!
{
	archiveVersion = 1;
	classes = {
	};
	objectVersion = 46;
	objects = {

/* Begin PBXBuildFile section */
		185F909F47504EDF878620E5 /* libPods-CestOuLeSoleilTests.a in Frameworks */ = {isa = PBXBuildFile; fileRef = 758838676C4D439186B80AD8 /* libPods-CestOuLeSoleilTests.a */; };
		5D888FF44059494FB7BDF29D /* libPods-CestOuLeSoleil.a in Frameworks */ = {isa = PBXBuildFile; fileRef = 14C554C9964A48878B534B7D /* libPods-CestOuLeSoleil.a */; };
		B7C09FC619196F0900D3822A /* Foundation.framework in Frameworks */ = {isa = PBXBuildFile; fileRef = B7C09FC519196F0900D3822A /* Foundation.framework */; };
		B7C09FC819196F0900D3822A /* CoreGraphics.framework in Frameworks */ = {isa = PBXBuildFile; fileRef = B7C09FC719196F0900D3822A /* CoreGraphics.framework */; };
		B7C09FCA19196F0900D3822A /* UIKit.framework in Frameworks */ = {isa = PBXBuildFile; fileRef = B7C09FC919196F0900D3822A /* UIKit.framework */; };
		B7C09FD019196F0900D3822A /* InfoPlist.strings in Resources */ = {isa = PBXBuildFile; fileRef = B7C09FCE19196F0900D3822A /* InfoPlist.strings */; };
		B7C09FD219196F0900D3822A /* main.m in Sources */ = {isa = PBXBuildFile; fileRef = B7C09FD119196F0900D3822A /* main.m */; };
		B7C09FD619196F0900D3822A /* AppDelegate.m in Sources */ = {isa = PBXBuildFile; fileRef = B7C09FD519196F0900D3822A /* AppDelegate.m */; };
		B7C09FD919196F0900D3822A /* Main_iPhone.storyboard in Resources */ = {isa = PBXBuildFile; fileRef = B7C09FD719196F0900D3822A /* Main_iPhone.storyboard */; };
		B7C09FDC19196F0900D3822A /* Main_iPad.storyboard in Resources */ = {isa = PBXBuildFile; fileRef = B7C09FDA19196F0900D3822A /* Main_iPad.storyboard */; };
		B7C09FDF19196F0900D3822A /* ViewController.m in Sources */ = {isa = PBXBuildFile; fileRef = B7C09FDE19196F0900D3822A /* ViewController.m */; };
		B7C09FE119196F0900D3822A /* Images.xcassets in Resources */ = {isa = PBXBuildFile; fileRef = B7C09FE019196F0900D3822A /* Images.xcassets */; };
		B7C09FE819196F0A00D3822A /* XCTest.framework in Frameworks */ = {isa = PBXBuildFile; fileRef = B7C09FE719196F0A00D3822A /* XCTest.framework */; };
		B7C09FE919196F0A00D3822A /* Foundation.framework in Frameworks */ = {isa = PBXBuildFile; fileRef = B7C09FC519196F0900D3822A /* Foundation.framework */; };
		B7C09FEA19196F0A00D3822A /* UIKit.framework in Frameworks */ = {isa = PBXBuildFile; fileRef = B7C09FC919196F0900D3822A /* UIKit.framework */; };
		B7C09FF219196F0A00D3822A /* InfoPlist.strings in Resources */ = {isa = PBXBuildFile; fileRef = B7C09FF019196F0A00D3822A /* InfoPlist.strings */; };
		B7C09FF419196F0A00D3822A /* CestOuLeSoleilTests.m in Sources */ = {isa = PBXBuildFile; fileRef = B7C09FF319196F0A00D3822A /* CestOuLeSoleilTests.m */; };
		B7C09FFE1919739F00D3822A /* CoreLocation.framework in Frameworks */ = {isa = PBXBuildFile; fileRef = B7C09FFD1919739F00D3822A /* CoreLocation.framework */; };
		B7C0A000191973B900D3822A /* MapKit.framework in Frameworks */ = {isa = PBXBuildFile; fileRef = B7C09FFF191973B900D3822A /* MapKit.framework */; };
		B7C0A0501919753500D3822A /* MobileCoreServices.framework in Frameworks */ = {isa = PBXBuildFile; fileRef = B7C0A04C1919753500D3822A /* MobileCoreServices.framework */; };
		B7C0A0511919753500D3822A /* QuartzCore.framework in Frameworks */ = {isa = PBXBuildFile; fileRef = B7C0A04D1919753500D3822A /* QuartzCore.framework */; };
		B7C0A0521919753500D3822A /* Security.framework in Frameworks */ = {isa = PBXBuildFile; fileRef = B7C0A04E1919753500D3822A /* Security.framework */; };
		B7C0A0531919753500D3822A /* SystemConfiguration.framework in Frameworks */ = {isa = PBXBuildFile; fileRef = B7C0A04F1919753500D3822A /* SystemConfiguration.framework */; };
		B7C0A05619197CA400D3822A /* MapViewController.m in Sources */ = {isa = PBXBuildFile; fileRef = B7C0A05519197CA400D3822A /* MapViewController.m */; };
		B7C0A05719197CA400D3822A /* MapViewController.m in Sources */ = {isa = PBXBuildFile; fileRef = B7C0A05519197CA400D3822A /* MapViewController.m */; };
		B7EF3EC819199277007A06C0 /* NSDictionary+terrasses.m in Sources */ = {isa = PBXBuildFile; fileRef = B7EF3EC519199277007A06C0 /* NSDictionary+terrasses.m */; };
		B7EF3EC919199277007A06C0 /* NSDictionary+terrasses_package.m in Sources */ = {isa = PBXBuildFile; fileRef = B7EF3EC719199277007A06C0 /* NSDictionary+terrasses_package.m */; };
		B7EF3ECC19218151007A06C0 /* FavorisTableViewController.m in Sources */ = {isa = PBXBuildFile; fileRef = B7EF3ECB19218151007A06C0 /* FavorisTableViewController.m */; };
		B7EF3ED2192186F2007A06C0 /* HorizontalTableView.m in Sources */ = {isa = PBXBuildFile; fileRef = B7EF3ED1192186F2007A06C0 /* HorizontalTableView.m */; };
		B7EF3EDB1921BF4F007A06C0 /* TerrasseTableViewController.m in Sources */ = {isa = PBXBuildFile; fileRef = B7EF3EDA1921BF4F007A06C0 /* TerrasseTableViewController.m */; };
/* End PBXBuildFile section */

/* Begin PBXContainerItemProxy section */
		B7C09FEB19196F0A00D3822A /* PBXContainerItemProxy */ = {
			isa = PBXContainerItemProxy;
			containerPortal = B7C09FBA19196F0900D3822A /* Project object */;
			proxyType = 1;
			remoteGlobalIDString = B7C09FC119196F0900D3822A;
			remoteInfo = CestOuLeSoleil;
		};
/* End PBXContainerItemProxy section */

/* Begin PBXFileReference section */
		14C554C9964A48878B534B7D /* libPods-CestOuLeSoleil.a */ = {isa = PBXFileReference; explicitFileType = archive.ar; includeInIndex = 0; path = "libPods-CestOuLeSoleil.a"; sourceTree = BUILT_PRODUCTS_DIR; };
		6015FFF52DFB42F38396610E /* Pods-CestOuLeSoleilTests.xcconfig */ = {isa = PBXFileReference; includeInIndex = 1; lastKnownFileType = text.xcconfig; name = "Pods-CestOuLeSoleilTests.xcconfig"; path = "Pods/Pods-CestOuLeSoleilTests.xcconfig"; sourceTree = "<group>"; };
		758838676C4D439186B80AD8 /* libPods-CestOuLeSoleilTests.a */ = {isa = PBXFileReference; explicitFileType = archive.ar; includeInIndex = 0; path = "libPods-CestOuLeSoleilTests.a"; sourceTree = BUILT_PRODUCTS_DIR; };
		97AC1EF46E584E229D7EB018 /* Pods-CestOuLeSoleil.xcconfig */ = {isa = PBXFileReference; includeInIndex = 1; lastKnownFileType = text.xcconfig; name = "Pods-CestOuLeSoleil.xcconfig"; path = "Pods/Pods-CestOuLeSoleil.xcconfig"; sourceTree = "<group>"; };
		B7C09FC219196F0900D3822A /* CestOuLeSoleil.app */ = {isa = PBXFileReference; explicitFileType = wrapper.application; includeInIndex = 0; path = CestOuLeSoleil.app; sourceTree = BUILT_PRODUCTS_DIR; };
		B7C09FC519196F0900D3822A /* Foundation.framework */ = {isa = PBXFileReference; lastKnownFileType = wrapper.framework; name = Foundation.framework; path = System/Library/Frameworks/Foundation.framework; sourceTree = SDKROOT; };
		B7C09FC719196F0900D3822A /* CoreGraphics.framework */ = {isa = PBXFileReference; lastKnownFileType = wrapper.framework; name = CoreGraphics.framework; path = System/Library/Frameworks/CoreGraphics.framework; sourceTree = SDKROOT; };
		B7C09FC919196F0900D3822A /* UIKit.framework */ = {isa = PBXFileReference; lastKnownFileType = wrapper.framework; name = UIKit.framework; path = System/Library/Frameworks/UIKit.framework; sourceTree = SDKROOT; };
		B7C09FCD19196F0900D3822A /* CestOuLeSoleil-Info.plist */ = {isa = PBXFileReference; lastKnownFileType = text.plist.xml; path = "CestOuLeSoleil-Info.plist"; sourceTree = "<group>"; };
		B7C09FCF19196F0900D3822A /* en */ = {isa = PBXFileReference; lastKnownFileType = text.plist.strings; name = en; path = en.lproj/InfoPlist.strings; sourceTree = "<group>"; };
		B7C09FD119196F0900D3822A /* main.m */ = {isa = PBXFileReference; lastKnownFileType = sourcecode.c.objc; path = main.m; sourceTree = "<group>"; };
		B7C09FD319196F0900D3822A /* CestOuLeSoleil-Prefix.pch */ = {isa = PBXFileReference; lastKnownFileType = sourcecode.c.h; path = "CestOuLeSoleil-Prefix.pch"; sourceTree = "<group>"; };
		B7C09FD419196F0900D3822A /* AppDelegate.h */ = {isa = PBXFileReference; lastKnownFileType = sourcecode.c.h; path = AppDelegate.h; sourceTree = "<group>"; };
		B7C09FD519196F0900D3822A /* AppDelegate.m */ = {isa = PBXFileReference; lastKnownFileType = sourcecode.c.objc; path = AppDelegate.m; sourceTree = "<group>"; };
		B7C09FD819196F0900D3822A /* Base */ = {isa = PBXFileReference; lastKnownFileType = file.storyboard; name = Base; path = Base.lproj/Main_iPhone.storyboard; sourceTree = "<group>"; };
		B7C09FDB19196F0900D3822A /* Base */ = {isa = PBXFileReference; lastKnownFileType = file.storyboard; name = Base; path = Base.lproj/Main_iPad.storyboard; sourceTree = "<group>"; };
		B7C09FDD19196F0900D3822A /* ViewController.h */ = {isa = PBXFileReference; lastKnownFileType = sourcecode.c.h; path = ViewController.h; sourceTree = "<group>"; };
		B7C09FDE19196F0900D3822A /* ViewController.m */ = {isa = PBXFileReference; lastKnownFileType = sourcecode.c.objc; path = ViewController.m; sourceTree = "<group>"; };
		B7C09FE019196F0900D3822A /* Images.xcassets */ = {isa = PBXFileReference; lastKnownFileType = folder.assetcatalog; path = Images.xcassets; sourceTree = "<group>"; };
		B7C09FE619196F0A00D3822A /* CestOuLeSoleilTests.xctest */ = {isa = PBXFileReference; explicitFileType = wrapper.cfbundle; includeInIndex = 0; path = CestOuLeSoleilTests.xctest; sourceTree = BUILT_PRODUCTS_DIR; };
		B7C09FE719196F0A00D3822A /* XCTest.framework */ = {isa = PBXFileReference; lastKnownFileType = wrapper.framework; name = XCTest.framework; path = Library/Frameworks/XCTest.framework; sourceTree = DEVELOPER_DIR; };
		B7C09FEF19196F0A00D3822A /* CestOuLeSoleilTests-Info.plist */ = {isa = PBXFileReference; lastKnownFileType = text.plist.xml; path = "CestOuLeSoleilTests-Info.plist"; sourceTree = "<group>"; };
		B7C09FF119196F0A00D3822A /* en */ = {isa = PBXFileReference; lastKnownFileType = text.plist.strings; name = en; path = en.lproj/InfoPlist.strings; sourceTree = "<group>"; };
		B7C09FF319196F0A00D3822A /* CestOuLeSoleilTests.m */ = {isa = PBXFileReference; lastKnownFileType = sourcecode.c.objc; path = CestOuLeSoleilTests.m; sourceTree = "<group>"; };
		B7C09FFD1919739F00D3822A /* CoreLocation.framework */ = {isa = PBXFileReference; lastKnownFileType = wrapper.framework; name = CoreLocation.framework; path = System/Library/Frameworks/CoreLocation.framework; sourceTree = SDKROOT; };
		B7C09FFF191973B900D3822A /* MapKit.framework */ = {isa = PBXFileReference; lastKnownFileType = wrapper.framework; name = MapKit.framework; path = System/Library/Frameworks/MapKit.framework; sourceTree = SDKROOT; };
		B7C0A04C1919753500D3822A /* MobileCoreServices.framework */ = {isa = PBXFileReference; lastKnownFileType = wrapper.framework; name = MobileCoreServices.framework; path = System/Library/Frameworks/MobileCoreServices.framework; sourceTree = SDKROOT; };
		B7C0A04D1919753500D3822A /* QuartzCore.framework */ = {isa = PBXFileReference; lastKnownFileType = wrapper.framework; name = QuartzCore.framework; path = System/Library/Frameworks/QuartzCore.framework; sourceTree = SDKROOT; };
		B7C0A04E1919753500D3822A /* Security.framework */ = {isa = PBXFileReference; lastKnownFileType = wrapper.framework; name = Security.framework; path = System/Library/Frameworks/Security.framework; sourceTree = SDKROOT; };
		B7C0A04F1919753500D3822A /* SystemConfiguration.framework */ = {isa = PBXFileReference; lastKnownFileType = wrapper.framework; name = SystemConfiguration.framework; path = System/Library/Frameworks/SystemConfiguration.framework; sourceTree = SDKROOT; };
		B7C0A05419197CA400D3822A /* MapViewController.h */ = {isa = PBXFileReference; fileEncoding = 4; lastKnownFileType = sourcecode.c.h; path = MapViewController.h; sourceTree = "<group>"; };
		B7C0A05519197CA400D3822A /* MapViewController.m */ = {isa = PBXFileReference; fileEncoding = 4; lastKnownFileType = sourcecode.c.objc; path = MapViewController.m; sourceTree = "<group>"; };
		B7C0A7BE1919880300D3822A /* SenTestingKit.framework */ = {isa = PBXFileReference; lastKnownFileType = wrapper.framework; name = SenTestingKit.framework; path = Library/Frameworks/SenTestingKit.framework; sourceTree = DEVELOPER_DIR; };
		B7EF3EC419199277007A06C0 /* NSDictionary+terrasses.h */ = {isa = PBXFileReference; fileEncoding = 4; lastKnownFileType = sourcecode.c.h; path = "NSDictionary+terrasses.h"; sourceTree = "<group>"; };
		B7EF3EC519199277007A06C0 /* NSDictionary+terrasses.m */ = {isa = PBXFileReference; fileEncoding = 4; lastKnownFileType = sourcecode.c.objc; path = "NSDictionary+terrasses.m"; sourceTree = "<group>"; };
		B7EF3EC619199277007A06C0 /* NSDictionary+terrasses_package.h */ = {isa = PBXFileReference; fileEncoding = 4; lastKnownFileType = sourcecode.c.h; path = "NSDictionary+terrasses_package.h"; sourceTree = "<group>"; };
		B7EF3EC719199277007A06C0 /* NSDictionary+terrasses_package.m */ = {isa = PBXFileReference; fileEncoding = 4; lastKnownFileType = sourcecode.c.objc; path = "NSDictionary+terrasses_package.m"; sourceTree = "<group>"; };
		B7EF3ECA19218151007A06C0 /* FavorisTableViewController.h */ = {isa = PBXFileReference; fileEncoding = 4; lastKnownFileType = sourcecode.c.h; path = FavorisTableViewController.h; sourceTree = "<group>"; };
		B7EF3ECB19218151007A06C0 /* FavorisTableViewController.m */ = {isa = PBXFileReference; fileEncoding = 4; lastKnownFileType = sourcecode.c.objc; path = FavorisTableViewController.m; sourceTree = "<group>"; };
		B7EF3ED0192186F2007A06C0 /* HorizontalTableView.h */ = {isa = PBXFileReference; fileEncoding = 4; lastKnownFileType = sourcecode.c.h; path = HorizontalTableView.h; sourceTree = "<group>"; };
		B7EF3ED1192186F2007A06C0 /* HorizontalTableView.m */ = {isa = PBXFileReference; fileEncoding = 4; lastKnownFileType = sourcecode.c.objc; path = HorizontalTableView.m; sourceTree = "<group>"; };
		B7EF3ED91921BF4F007A06C0 /* TerrasseTableViewController.h */ = {isa = PBXFileReference; fileEncoding = 4; lastKnownFileType = sourcecode.c.h; path = TerrasseTableViewController.h; sourceTree = "<group>"; };
		B7EF3EDA1921BF4F007A06C0 /* TerrasseTableViewController.m */ = {isa = PBXFileReference; fileEncoding = 4; lastKnownFileType = sourcecode.c.objc; path = TerrasseTableViewController.m; sourceTree = "<group>"; };
/* End PBXFileReference section */

/* Begin PBXFrameworksBuildPhase section */
		B7C09FBF19196F0900D3822A /* Frameworks */ = {
			isa = PBXFrameworksBuildPhase;
			buildActionMask = 2147483647;
			files = (
				B7C0A0501919753500D3822A /* MobileCoreServices.framework in Frameworks */,
				B7C0A0511919753500D3822A /* QuartzCore.framework in Frameworks */,
				B7C0A0521919753500D3822A /* Security.framework in Frameworks */,
				B7C0A0531919753500D3822A /* SystemConfiguration.framework in Frameworks */,
				B7C0A000191973B900D3822A /* MapKit.framework in Frameworks */,
				B7C09FFE1919739F00D3822A /* CoreLocation.framework in Frameworks */,
				B7C09FC819196F0900D3822A /* CoreGraphics.framework in Frameworks */,
				B7C09FCA19196F0900D3822A /* UIKit.framework in Frameworks */,
				B7C09FC619196F0900D3822A /* Foundation.framework in Frameworks */,
				5D888FF44059494FB7BDF29D /* libPods-CestOuLeSoleil.a in Frameworks */,
			);
			runOnlyForDeploymentPostprocessing = 0;
		};
		B7C09FE319196F0A00D3822A /* Frameworks */ = {
			isa = PBXFrameworksBuildPhase;
			buildActionMask = 2147483647;
			files = (
				B7C09FE819196F0A00D3822A /* XCTest.framework in Frameworks */,
				B7C09FEA19196F0A00D3822A /* UIKit.framework in Frameworks */,
				B7C09FE919196F0A00D3822A /* Foundation.framework in Frameworks */,
				185F909F47504EDF878620E5 /* libPods-CestOuLeSoleilTests.a in Frameworks */,
			);
			runOnlyForDeploymentPostprocessing = 0;
		};
/* End PBXFrameworksBuildPhase section */

/* Begin PBXGroup section */
		B7C09FB919196F0900D3822A = {
			isa = PBXGroup;
			children = (
				B7C09FCB19196F0900D3822A /* CestOuLeSoleil */,
				B7C09FED19196F0A00D3822A /* CestOuLeSoleilTests */,
				B7C09FC419196F0900D3822A /* Frameworks */,
				B7C09FC319196F0900D3822A /* Products */,
				97AC1EF46E584E229D7EB018 /* Pods-CestOuLeSoleil.xcconfig */,
				6015FFF52DFB42F38396610E /* Pods-CestOuLeSoleilTests.xcconfig */,
			);
			sourceTree = "<group>";
		};
		B7C09FC319196F0900D3822A /* Products */ = {
			isa = PBXGroup;
			children = (
				B7C09FC219196F0900D3822A /* CestOuLeSoleil.app */,
				B7C09FE619196F0A00D3822A /* CestOuLeSoleilTests.xctest */,
			);
			name = Products;
			sourceTree = "<group>";
		};
		B7C09FC419196F0900D3822A /* Frameworks */ = {
			isa = PBXGroup;
			children = (
				B7C0A7BE1919880300D3822A /* SenTestingKit.framework */,
				B7C0A04C1919753500D3822A /* MobileCoreServices.framework */,
				B7C0A04D1919753500D3822A /* QuartzCore.framework */,
				B7C0A04E1919753500D3822A /* Security.framework */,
				B7C0A04F1919753500D3822A /* SystemConfiguration.framework */,
				B7C09FFF191973B900D3822A /* MapKit.framework */,
				B7C09FFD1919739F00D3822A /* CoreLocation.framework */,
				B7C09FC519196F0900D3822A /* Foundation.framework */,
				B7C09FC719196F0900D3822A /* CoreGraphics.framework */,
				B7C09FC919196F0900D3822A /* UIKit.framework */,
				B7C09FE719196F0A00D3822A /* XCTest.framework */,
				14C554C9964A48878B534B7D /* libPods-CestOuLeSoleil.a */,
				758838676C4D439186B80AD8 /* libPods-CestOuLeSoleilTests.a */,
			);
			name = Frameworks;
			sourceTree = "<group>";
		};
		B7C09FCB19196F0900D3822A /* CestOuLeSoleil */ = {
			isa = PBXGroup;
			children = (
				B7EF3ED0192186F2007A06C0 /* HorizontalTableView.h */,
				B7EF3ED1192186F2007A06C0 /* HorizontalTableView.m */,
				B7C0A05419197CA400D3822A /* MapViewController.h */,
				B7C0A05519197CA400D3822A /* MapViewController.m */,
				B7EF3EC419199277007A06C0 /* NSDictionary+terrasses.h */,
				B7EF3EC519199277007A06C0 /* NSDictionary+terrasses.m */,
				B7EF3EC619199277007A06C0 /* NSDictionary+terrasses_package.h */,
				B7EF3EC719199277007A06C0 /* NSDictionary+terrasses_package.m */,
				B7C09FD419196F0900D3822A /* AppDelegate.h */,
				B7C09FD519196F0900D3822A /* AppDelegate.m */,
				B7C09FD719196F0900D3822A /* Main_iPhone.storyboard */,
				B7C09FDA19196F0900D3822A /* Main_iPad.storyboard */,
				B7C09FDD19196F0900D3822A /* ViewController.h */,
				B7C09FDE19196F0900D3822A /* ViewController.m */,
				B7C09FE019196F0900D3822A /* Images.xcassets */,
				B7C09FCC19196F0900D3822A /* Supporting Files */,
				B7EF3ECA19218151007A06C0 /* FavorisTableViewController.h */,
				B7EF3ECB19218151007A06C0 /* FavorisTableViewController.m */,
				B7EF3ED91921BF4F007A06C0 /* TerrasseTableViewController.h */,
				B7EF3EDA1921BF4F007A06C0 /* TerrasseTableViewController.m */,
			);
			path = CestOuLeSoleil;
			sourceTree = "<group>";
		};
		B7C09FCC19196F0900D3822A /* Supporting Files */ = {
			isa = PBXGroup;
			children = (
				B7C09FCD19196F0900D3822A /* CestOuLeSoleil-Info.plist */,
				B7C09FCE19196F0900D3822A /* InfoPlist.strings */,
				B7C09FD119196F0900D3822A /* main.m */,
				B7C09FD319196F0900D3822A /* CestOuLeSoleil-Prefix.pch */,
			);
			name = "Supporting Files";
			sourceTree = "<group>";
		};
		B7C09FED19196F0A00D3822A /* CestOuLeSoleilTests */ = {
			isa = PBXGroup;
			children = (
				B7C09FF319196F0A00D3822A /* CestOuLeSoleilTests.m */,
				B7C09FEE19196F0A00D3822A /* Supporting Files */,
			);
			path = CestOuLeSoleilTests;
			sourceTree = "<group>";
		};
		B7C09FEE19196F0A00D3822A /* Supporting Files */ = {
			isa = PBXGroup;
			children = (
				B7C09FEF19196F0A00D3822A /* CestOuLeSoleilTests-Info.plist */,
				B7C09FF019196F0A00D3822A /* InfoPlist.strings */,
			);
			name = "Supporting Files";
			sourceTree = "<group>";
		};
/* End PBXGroup section */

/* Begin PBXNativeTarget section */
		B7C09FC119196F0900D3822A /* CestOuLeSoleil */ = {
			isa = PBXNativeTarget;
			buildConfigurationList = B7C09FF719196F0A00D3822A /* Build configuration list for PBXNativeTarget "CestOuLeSoleil" */;
			buildPhases = (
				8A4962D4C6EE4FEBA43DD056 /* Check Pods Manifest.lock */,
				B7C09FBE19196F0900D3822A /* Sources */,
				B7C09FBF19196F0900D3822A /* Frameworks */,
				B7C09FC019196F0900D3822A /* Resources */,
				5E1751B5D9EC486D8845F027 /* Copy Pods Resources */,
			);
			buildRules = (
			);
			dependencies = (
			);
			name = CestOuLeSoleil;
			productName = CestOuLeSoleil;
			productReference = B7C09FC219196F0900D3822A /* CestOuLeSoleil.app */;
			productType = "com.apple.product-type.application";
		};
		B7C09FE519196F0A00D3822A /* CestOuLeSoleilTests */ = {
			isa = PBXNativeTarget;
			buildConfigurationList = B7C09FFA19196F0A00D3822A /* Build configuration list for PBXNativeTarget "CestOuLeSoleilTests" */;
			buildPhases = (
				13B5AE47A7074F73A3DD84B5 /* Check Pods Manifest.lock */,
				B7C09FE219196F0A00D3822A /* Sources */,
				B7C09FE319196F0A00D3822A /* Frameworks */,
				B7C09FE419196F0A00D3822A /* Resources */,
				CDB618C9E1F743B9B1F218C8 /* Copy Pods Resources */,
			);
			buildRules = (
			);
			dependencies = (
				B7C09FEC19196F0A00D3822A /* PBXTargetDependency */,
			);
			name = CestOuLeSoleilTests;
			productName = CestOuLeSoleilTests;
			productReference = B7C09FE619196F0A00D3822A /* CestOuLeSoleilTests.xctest */;
			productType = "com.apple.product-type.bundle.unit-test";
		};
/* End PBXNativeTarget section */

/* Begin PBXProject section */
		B7C09FBA19196F0900D3822A /* Project object */ = {
			isa = PBXProject;
			attributes = {
				LastUpgradeCheck = 0510;
				TargetAttributes = {
					B7C09FE519196F0A00D3822A = {
						TestTargetID = B7C09FC119196F0900D3822A;
					};
				};
			};
			buildConfigurationList = B7C09FBD19196F0900D3822A /* Build configuration list for PBXProject "CestOuLeSoleil" */;
			compatibilityVersion = "Xcode 3.2";
			developmentRegion = English;
			hasScannedForEncodings = 0;
			knownRegions = (
				en,
				Base,
			);
			mainGroup = B7C09FB919196F0900D3822A;
			productRefGroup = B7C09FC319196F0900D3822A /* Products */;
			projectDirPath = "";
			projectRoot = "";
			targets = (
				B7C09FC119196F0900D3822A /* CestOuLeSoleil */,
				B7C09FE519196F0A00D3822A /* CestOuLeSoleilTests */,
			);
		};
/* End PBXProject section */

/* Begin PBXResourcesBuildPhase section */
		B7C09FC019196F0900D3822A /* Resources */ = {
			isa = PBXResourcesBuildPhase;
			buildActionMask = 2147483647;
			files = (
				B7C09FDC19196F0900D3822A /* Main_iPad.storyboard in Resources */,
				B7C09FE119196F0900D3822A /* Images.xcassets in Resources */,
				B7C09FD919196F0900D3822A /* Main_iPhone.storyboard in Resources */,
				B7C09FD019196F0900D3822A /* InfoPlist.strings in Resources */,
			);
			runOnlyForDeploymentPostprocessing = 0;
		};
		B7C09FE419196F0A00D3822A /* Resources */ = {
			isa = PBXResourcesBuildPhase;
			buildActionMask = 2147483647;
			files = (
				B7C09FF219196F0A00D3822A /* InfoPlist.strings in Resources */,
			);
			runOnlyForDeploymentPostprocessing = 0;
		};
/* End PBXResourcesBuildPhase section */

/* Begin PBXShellScriptBuildPhase section */
		13B5AE47A7074F73A3DD84B5 /* Check Pods Manifest.lock */ = {
			isa = PBXShellScriptBuildPhase;
			buildActionMask = 2147483647;
			files = (
			);
			inputPaths = (
			);
			name = "Check Pods Manifest.lock";
			outputPaths = (
			);
			runOnlyForDeploymentPostprocessing = 0;
			shellPath = /bin/sh;
			shellScript = "diff \"${PODS_ROOT}/../Podfile.lock\" \"${PODS_ROOT}/Manifest.lock\" > /dev/null\nif [[ $? != 0 ]] ; then\n    cat << EOM\nerror: The sandbox is not in sync with the Podfile.lock. Run 'pod install' or update your CocoaPods installation.\nEOM\n    exit 1\nfi\n";
			showEnvVarsInLog = 0;
		};
		5E1751B5D9EC486D8845F027 /* Copy Pods Resources */ = {
			isa = PBXShellScriptBuildPhase;
			buildActionMask = 2147483647;
			files = (
			);
			inputPaths = (
			);
			name = "Copy Pods Resources";
			outputPaths = (
			);
			runOnlyForDeploymentPostprocessing = 0;
			shellPath = /bin/sh;
			shellScript = "\"${SRCROOT}/Pods/Pods-CestOuLeSoleil-resources.sh\"\n";
			showEnvVarsInLog = 0;
		};
		8A4962D4C6EE4FEBA43DD056 /* Check Pods Manifest.lock */ = {
			isa = PBXShellScriptBuildPhase;
			buildActionMask = 2147483647;
			files = (
			);
			inputPaths = (
			);
			name = "Check Pods Manifest.lock";
			outputPaths = (
			);
			runOnlyForDeploymentPostprocessing = 0;
			shellPath = /bin/sh;
			shellScript = "diff \"${PODS_ROOT}/../Podfile.lock\" \"${PODS_ROOT}/Manifest.lock\" > /dev/null\nif [[ $? != 0 ]] ; then\n    cat << EOM\nerror: The sandbox is not in sync with the Podfile.lock. Run 'pod install' or update your CocoaPods installation.\nEOM\n    exit 1\nfi\n";
			showEnvVarsInLog = 0;
		};
		CDB618C9E1F743B9B1F218C8 /* Copy Pods Resources */ = {
			isa = PBXShellScriptBuildPhase;
			buildActionMask = 2147483647;
			files = (
			);
			inputPaths = (
			);
			name = "Copy Pods Resources";
			outputPaths = (
			);
			runOnlyForDeploymentPostprocessing = 0;
			shellPath = /bin/sh;
			shellScript = "\"${SRCROOT}/Pods/Pods-CestOuLeSoleilTests-resources.sh\"\n";
			showEnvVarsInLog = 0;
		};
/* End PBXShellScriptBuildPhase section */

/* Begin PBXSourcesBuildPhase section */
		B7C09FBE19196F0900D3822A /* Sources */ = {
			isa = PBXSourcesBuildPhase;
			buildActionMask = 2147483647;
			files = (
				B7C09FDF19196F0900D3822A /* ViewController.m in Sources */,
				B7EF3ED2192186F2007A06C0 /* HorizontalTableView.m in Sources */,
				B7EF3EDB1921BF4F007A06C0 /* TerrasseTableViewController.m in Sources */,
				B7EF3ECC19218151007A06C0 /* FavorisTableViewController.m in Sources */,
				B7EF3EC819199277007A06C0 /* NSDictionary+terrasses.m in Sources */,
				B7C0A05619197CA400D3822A /* MapViewController.m in Sources */,
				B7C09FD619196F0900D3822A /* AppDelegate.m in Sources */,
				B7EF3EC919199277007A06C0 /* NSDictionary+terrasses_package.m in Sources */,
				B7C09FD219196F0900D3822A /* main.m in Sources */,
			);
			runOnlyForDeploymentPostprocessing = 0;
		};
		B7C09FE219196F0A00D3822A /* Sources */ = {
			isa = PBXSourcesBuildPhase;
			buildActionMask = 2147483647;
			files = (
				B7C09FF419196F0A00D3822A /* CestOuLeSoleilTests.m in Sources */,
				B7C0A05719197CA400D3822A /* MapViewController.m in Sources */,
			);
			runOnlyForDeploymentPostprocessing = 0;
		};
/* End PBXSourcesBuildPhase section */

/* Begin PBXTargetDependency section */
		B7C09FEC19196F0A00D3822A /* PBXTargetDependency */ = {
			isa = PBXTargetDependency;
			target = B7C09FC119196F0900D3822A /* CestOuLeSoleil */;
			targetProxy = B7C09FEB19196F0A00D3822A /* PBXContainerItemProxy */;
		};
/* End PBXTargetDependency section */

/* Begin PBXVariantGroup section */
		B7C09FCE19196F0900D3822A /* InfoPlist.strings */ = {
			isa = PBXVariantGroup;
			children = (
				B7C09FCF19196F0900D3822A /* en */,
			);
			name = InfoPlist.strings;
			sourceTree = "<group>";
		};
		B7C09FD719196F0900D3822A /* Main_iPhone.storyboard */ = {
			isa = PBXVariantGroup;
			children = (
				B7C09FD819196F0900D3822A /* Base */,
			);
			name = Main_iPhone.storyboard;
			sourceTree = "<group>";
		};
		B7C09FDA19196F0900D3822A /* Main_iPad.storyboard */ = {
			isa = PBXVariantGroup;
			children = (
				B7C09FDB19196F0900D3822A /* Base */,
			);
			name = Main_iPad.storyboard;
			sourceTree = "<group>";
		};
		B7C09FF019196F0A00D3822A /* InfoPlist.strings */ = {
			isa = PBXVariantGroup;
			children = (
				B7C09FF119196F0A00D3822A /* en */,
			);
			name = InfoPlist.strings;
			sourceTree = "<group>";
		};
/* End PBXVariantGroup section */

/* Begin XCBuildConfiguration section */
		B7C09FF519196F0A00D3822A /* Debug */ = {
			isa = XCBuildConfiguration;
			buildSettings = {
				ALWAYS_SEARCH_USER_PATHS = NO;
				CLANG_CXX_LANGUAGE_STANDARD = "gnu++0x";
				CLANG_CXX_LIBRARY = "libc++";
				CLANG_ENABLE_MODULES = YES;
				CLANG_ENABLE_OBJC_ARC = YES;
				CLANG_WARN_BOOL_CONVERSION = YES;
				CLANG_WARN_CONSTANT_CONVERSION = YES;
				CLANG_WARN_DIRECT_OBJC_ISA_USAGE = YES_ERROR;
				CLANG_WARN_EMPTY_BODY = YES;
				CLANG_WARN_ENUM_CONVERSION = YES;
				CLANG_WARN_INT_CONVERSION = YES;
				CLANG_WARN_OBJC_ROOT_CLASS = YES_ERROR;
				CLANG_WARN__DUPLICATE_METHOD_MATCH = YES;
				"CODE_SIGN_IDENTITY[sdk=iphoneos*]" = "iPhone Developer";
				COPY_PHASE_STRIP = NO;
				GCC_C_LANGUAGE_STANDARD = gnu99;
				GCC_DYNAMIC_NO_PIC = NO;
				GCC_OPTIMIZATION_LEVEL = 0;
				GCC_PREPROCESSOR_DEFINITIONS = (
					"DEBUG=1",
					"$(inherited)",
				);
				GCC_SYMBOLS_PRIVATE_EXTERN = NO;
				GCC_WARN_64_TO_32_BIT_CONVERSION = YES;
				GCC_WARN_ABOUT_RETURN_TYPE = YES_ERROR;
				GCC_WARN_UNDECLARED_SELECTOR = YES;
				GCC_WARN_UNINITIALIZED_AUTOS = YES_AGGRESSIVE;
				GCC_WARN_UNUSED_FUNCTION = YES;
				GCC_WARN_UNUSED_VARIABLE = YES;
				IPHONEOS_DEPLOYMENT_TARGET = 7.0;
				ONLY_ACTIVE_ARCH = YES;
				SDKROOT = iphoneos;
				TARGETED_DEVICE_FAMILY = "1,2";
			};
			name = Debug;
		};
		B7C09FF619196F0A00D3822A /* Release */ = {
			isa = XCBuildConfiguration;
			buildSettings = {
				ALWAYS_SEARCH_USER_PATHS = NO;
				CLANG_CXX_LANGUAGE_STANDARD = "gnu++0x";
				CLANG_CXX_LIBRARY = "libc++";
				CLANG_ENABLE_MODULES = YES;
				CLANG_ENABLE_OBJC_ARC = YES;
				CLANG_WARN_BOOL_CONVERSION = YES;
				CLANG_WARN_CONSTANT_CONVERSION = YES;
				CLANG_WARN_DIRECT_OBJC_ISA_USAGE = YES_ERROR;
				CLANG_WARN_EMPTY_BODY = YES;
				CLANG_WARN_ENUM_CONVERSION = YES;
				CLANG_WARN_INT_CONVERSION = YES;
				CLANG_WARN_OBJC_ROOT_CLASS = YES_ERROR;
				CLANG_WARN__DUPLICATE_METHOD_MATCH = YES;
				"CODE_SIGN_IDENTITY[sdk=iphoneos*]" = "iPhone Developer";
				COPY_PHASE_STRIP = YES;
				ENABLE_NS_ASSERTIONS = NO;
				GCC_C_LANGUAGE_STANDARD = gnu99;
				GCC_WARN_64_TO_32_BIT_CONVERSION = YES;
				GCC_WARN_ABOUT_RETURN_TYPE = YES_ERROR;
				GCC_WARN_UNDECLARED_SELECTOR = YES;
				GCC_WARN_UNINITIALIZED_AUTOS = YES_AGGRESSIVE;
				GCC_WARN_UNUSED_FUNCTION = YES;
				GCC_WARN_UNUSED_VARIABLE = YES;
				IPHONEOS_DEPLOYMENT_TARGET = 7.0;
				SDKROOT = iphoneos;
				TARGETED_DEVICE_FAMILY = "1,2";
				VALIDATE_PRODUCT = YES;
			};
			name = Release;
		};
		B7C09FF819196F0A00D3822A /* Debug */ = {
			isa = XCBuildConfiguration;
			baseConfigurationReference = 97AC1EF46E584E229D7EB018 /* Pods-CestOuLeSoleil.xcconfig */;
			buildSettings = {
				ASSETCATALOG_COMPILER_APPICON_NAME = AppIcon;
				ASSETCATALOG_COMPILER_LAUNCHIMAGE_NAME = LaunchImage;
				FRAMEWORK_SEARCH_PATHS = (
					"$(inherited)",
					"$(DEVELOPER_FRAMEWORKS_DIR)",
				);
				GCC_PRECOMPILE_PREFIX_HEADER = YES;
				GCC_PREFIX_HEADER = "CestOuLeSoleil/CestOuLeSoleil-Prefix.pch";
				INFOPLIST_FILE = "CestOuLeSoleil/CestOuLeSoleil-Info.plist";
				IPHONEOS_DEPLOYMENT_TARGET = 7.0;
				LIBRARY_SEARCH_PATHS = (
					"$(inherited)",
					"$(PROJECT_DIR)/CestOuLeSoleil/MapBox-iOS-SDK/MapView/Map/GRMustache/lib",
					"$(PROJECT_DIR)/CestOuLeSoleil/MapBox-iOS-SDK/Proj4",
				);
				PRODUCT_NAME = "$(TARGET_NAME)";
				WRAPPER_EXTENSION = app;
			};
			name = Debug;
		};
		B7C09FF919196F0A00D3822A /* Release */ = {
			isa = XCBuildConfiguration;
			baseConfigurationReference = 97AC1EF46E584E229D7EB018 /* Pods-CestOuLeSoleil.xcconfig */;
			buildSettings = {
				ASSETCATALOG_COMPILER_APPICON_NAME = AppIcon;
				ASSETCATALOG_COMPILER_LAUNCHIMAGE_NAME = LaunchImage;
				FRAMEWORK_SEARCH_PATHS = (
					"$(inherited)",
					"$(DEVELOPER_FRAMEWORKS_DIR)",
				);
				GCC_PRECOMPILE_PREFIX_HEADER = YES;
				GCC_PREFIX_HEADER = "CestOuLeSoleil/CestOuLeSoleil-Prefix.pch";
				INFOPLIST_FILE = "CestOuLeSoleil/CestOuLeSoleil-Info.plist";
				IPHONEOS_DEPLOYMENT_TARGET = 7.0;
				LIBRARY_SEARCH_PATHS = (
					"$(inherited)",
					"$(PROJECT_DIR)/CestOuLeSoleil/MapBox-iOS-SDK/MapView/Map/GRMustache/lib",
					"$(PROJECT_DIR)/CestOuLeSoleil/MapBox-iOS-SDK/Proj4",
				);
				PRODUCT_NAME = "$(TARGET_NAME)";
				WRAPPER_EXTENSION = app;
			};
			name = Release;
		};
		B7C09FFB19196F0A00D3822A /* Debug */ = {
			isa = XCBuildConfiguration;
			baseConfigurationReference = 6015FFF52DFB42F38396610E /* Pods-CestOuLeSoleilTests.xcconfig */;
			buildSettings = {
				BUNDLE_LOADER = "$(BUILT_PRODUCTS_DIR)/CestOuLeSoleil.app/CestOuLeSoleil";
				FRAMEWORK_SEARCH_PATHS = (
					"$(SDKROOT)/Developer/Library/Frameworks",
					"$(inherited)",
					"$(DEVELOPER_FRAMEWORKS_DIR)",
				);
				GCC_PRECOMPILE_PREFIX_HEADER = YES;
				GCC_PREFIX_HEADER = "CestOuLeSoleil/CestOuLeSoleil-Prefix.pch";
				GCC_PREPROCESSOR_DEFINITIONS = (
					"DEBUG=1",
					"$(inherited)",
				);
				INFOPLIST_FILE = "CestOuLeSoleilTests/CestOuLeSoleilTests-Info.plist";
				LIBRARY_SEARCH_PATHS = (
					"$(inherited)",
					"$(PROJECT_DIR)/CestOuLeSoleil/MapBox-iOS-SDK/MapView/Map/GRMustache/lib",
					"$(PROJECT_DIR)/CestOuLeSoleil/MapBox-iOS-SDK/Proj4",
				);
				PRODUCT_NAME = "$(TARGET_NAME)";
				TEST_HOST = "$(BUNDLE_LOADER)";
				WRAPPER_EXTENSION = xctest;
			};
			name = Debug;
		};
		B7C09FFC19196F0A00D3822A /* Release */ = {
			isa = XCBuildConfiguration;
			baseConfigurationReference = 6015FFF52DFB42F38396610E /* Pods-CestOuLeSoleilTests.xcconfig */;
			buildSettings = {
				BUNDLE_LOADER = "$(BUILT_PRODUCTS_DIR)/CestOuLeSoleil.app/CestOuLeSoleil";
				FRAMEWORK_SEARCH_PATHS = (
					"$(SDKROOT)/Developer/Library/Frameworks",
					"$(inherited)",
					"$(DEVELOPER_FRAMEWORKS_DIR)",
				);
				GCC_PRECOMPILE_PREFIX_HEADER = YES;
				GCC_PREFIX_HEADER = "CestOuLeSoleil/CestOuLeSoleil-Prefix.pch";
				INFOPLIST_FILE = "CestOuLeSoleilTests/CestOuLeSoleilTests-Info.plist";
				LIBRARY_SEARCH_PATHS = (
					"$(inherited)",
					"$(PROJECT_DIR)/CestOuLeSoleil/MapBox-iOS-SDK/MapView/Map/GRMustache/lib",
					"$(PROJECT_DIR)/CestOuLeSoleil/MapBox-iOS-SDK/Proj4",
				);
				PRODUCT_NAME = "$(TARGET_NAME)";
				TEST_HOST = "$(BUNDLE_LOADER)";
				WRAPPER_EXTENSION = xctest;
			};
			name = Release;
		};
/* End XCBuildConfiguration section */

/* Begin XCConfigurationList section */
		B7C09FBD19196F0900D3822A /* Build configuration list for PBXProject "CestOuLeSoleil" */ = {
			isa = XCConfigurationList;
			buildConfigurations = (
				B7C09FF519196F0A00D3822A /* Debug */,
				B7C09FF619196F0A00D3822A /* Release */,
			);
			defaultConfigurationIsVisible = 0;
			defaultConfigurationName = Release;
		};
		B7C09FF719196F0A00D3822A /* Build configuration list for PBXNativeTarget "CestOuLeSoleil" */ = {
			isa = XCConfigurationList;
			buildConfigurations = (
				B7C09FF819196F0A00D3822A /* Debug */,
				B7C09FF919196F0A00D3822A /* Release */,
			);
			defaultConfigurationIsVisible = 0;
			defaultConfigurationName = Release;
		};
		B7C09FFA19196F0A00D3822A /* Build configuration list for PBXNativeTarget "CestOuLeSoleilTests" */ = {
			isa = XCConfigurationList;
			buildConfigurations = (
				B7C09FFB19196F0A00D3822A /* Debug */,
				B7C09FFC19196F0A00D3822A /* Release */,
			);
			defaultConfigurationIsVisible = 0;
			defaultConfigurationName = Release;
		};
/* End XCConfigurationList section */
	};
	rootObject = B7C09FBA19196F0900D3822A /* Project object */;
}
